
Microsoft Visual Studio Solution File, Format Version 12.00
# Visual Studio 15
Project("{FAE04EC0-301F-11D3-BF4B-00C04F79EFBC}") = "menu_3d", "Assembly-CSharp.csproj", "{62FE487C-B653-74BF-E360-08612F1941C6}"
EndProject
Project("{FAE04EC0-301F-11D3-BF4B-00C04F79EFBC}") = "menu_3d", "Assembly-CSharp-firstpass.csproj", "{196ED1DB-E4BB-4C15-37C6-6782D01297C3}"
EndProject
Global
	GlobalSection(SolutionConfigurationPlatforms) = preSolution
		Debug|Any CPU = Debug|Any CPU
		Release|Any CPU = Release|Any CPU
	EndGlobalSection
	GlobalSection(ProjectConfigurationPlatforms) = postSolution
		{62FE487C-B653-74BF-E360-08612F1941C6}.Debug|Any CPU.ActiveCfg = Debug|Any CPU
		{62FE487C-B653-74BF-E360-08612F1941C6}.Debug|Any CPU.Build.0 = Debug|Any CPU
		{62FE487C-B653-74BF-E360-08612F1941C6}.Release|Any CPU.ActiveCfg = Release|Any CPU
		{62FE487C-B653-74BF-E360-08612F1941C6}.Release|Any CPU.Build.0 = Release|Any CPU
		{196ED1DB-E4BB-4C15-37C6-6782D01297C3}.Debug|Any CPU.ActiveCfg = Debug|Any CPU
		{196ED1DB-E4BB-4C15-37C6-6782D01297C3}.Debug|Any CPU.Build.0 = Debug|Any CPU
		{196ED1DB-E4BB-4C15-37C6-6782D01297C3}.Release|Any CPU.ActiveCfg = Release|Any CPU
		{196ED1DB-E4BB-4C15-37C6-6782D01297C3}.Release|Any CPU.Build.0 = Release|Any CPU
	EndGlobalSection
	GlobalSection(SolutionProperties) = preSolution
		HideSolutionNode = FALSE
	EndGlobalSection
EndGlobal
